{
    "version": 3,
    "terraform_version": "0.11.8",
    "serial": 48,
    "lineage": "d0487180-ba45-9aa8-cb17-a0dcc2eb193f",
    "modules": [
        {
            "path": [
                "root"
            ],
            "outputs": {},
            "resources": {},
            "depends_on": []
        },
        {
            "path": [
                "root",
                "my_alb"
            ],
            "outputs": {},
            "resources": {
                "aws_alb.test": {
                    "type": "aws_alb",
                    "depends_on": [
                        "aws_security_group.alb_sg"
                    ],
                    "primary": {
                        "id": "arn:aws:elasticloadbalancing:us-east-1:246505132374:loadbalancer/app/test-alb/ce32d5586d43340c",
                        "attributes": {
                            "access_logs.#": "0",
                            "arn": "arn:aws:elasticloadbalancing:us-east-1:246505132374:loadbalancer/app/test-alb/ce32d5586d43340c",
                            "arn_suffix": "app/test-alb/ce32d5586d43340c",
                            "dns_name": "test-alb-701863597.us-east-1.elb.amazonaws.com",
                            "enable_deletion_protection": "false",
                            "enable_http2": "true",
                            "id": "arn:aws:elasticloadbalancing:us-east-1:246505132374:loadbalancer/app/test-alb/ce32d5586d43340c",
                            "idle_timeout": "60",
                            "internal": "false",
                            "ip_address_type": "ipv4",
                            "load_balancer_type": "application",
                            "name": "test-alb",
                            "security_groups.#": "1",
                            "security_groups.3050589634": "sg-07a9d51617db7293d",
                            "subnet_mapping.#": "0",
                            "subnets.#": "2",
                            "subnets.2610642556": "subnet-06698cea68902f4cd",
                            "subnets.3498260093": "subnet-0ef8c394116bfbe68",
                            "tags.%": "1",
                            "tags.Environment": "prod",
                            "vpc_id": "vpc-08ed749dff30efdb7",
                            "zone_id": "Z35SXDOTRQ7X7K"
                        },
                        "meta": {
                            "e2bfb730-ecaa-11e6-8f88-34363bc7c4c0": {
                                "create": 600000000000,
                                "delete": 600000000000,
                                "update": 600000000000
                            }
                        },
                        "tainted": false
                    },
                    "deposed": [],
                    "provider": "provider.aws"
                },
                "aws_alb_listener.test": {
                    "type": "aws_alb_listener",
                    "depends_on": [
                        "aws_alb.test",
                        "aws_alb_target_group.test"
                    ],
                    "primary": {
                        "id": "arn:aws:elasticloadbalancing:us-east-1:246505132374:listener/app/test-alb/ce32d5586d43340c/337bfaa49479b1a0",
                        "attributes": {
                            "arn": "arn:aws:elasticloadbalancing:us-east-1:246505132374:listener/app/test-alb/ce32d5586d43340c/337bfaa49479b1a0",
                            "default_action.#": "1",
                            "default_action.0.fixed_response.#": "0",
                            "default_action.0.redirect.#": "0",
                            "default_action.0.target_group_arn": "arn:aws:elasticloadbalancing:us-east-1:246505132374:targetgroup/web-alb-target-group/4cc4f14ac1b890a7",
                            "default_action.0.type": "forward",
                            "id": "arn:aws:elasticloadbalancing:us-east-1:246505132374:listener/app/test-alb/ce32d5586d43340c/337bfaa49479b1a0",
                            "load_balancer_arn": "arn:aws:elasticloadbalancing:us-east-1:246505132374:loadbalancer/app/test-alb/ce32d5586d43340c",
                            "port": "80",
                            "protocol": "HTTP",
                            "ssl_policy": ""
                        },
                        "meta": {},
                        "tainted": false
                    },
                    "deposed": [],
                    "provider": "provider.aws"
                },
                "aws_alb_target_group.test": {
                    "type": "aws_alb_target_group",
                    "depends_on": [],
                    "primary": {
                        "id": "arn:aws:elasticloadbalancing:us-east-1:246505132374:targetgroup/web-alb-target-group/4cc4f14ac1b890a7",
                        "attributes": {
                            "arn": "arn:aws:elasticloadbalancing:us-east-1:246505132374:targetgroup/web-alb-target-group/4cc4f14ac1b890a7",
                            "arn_suffix": "targetgroup/web-alb-target-group/4cc4f14ac1b890a7",
                            "deregistration_delay": "300",
                            "health_check.#": "1",
                            "health_check.0.healthy_threshold": "5",
                            "health_check.0.interval": "30",
                            "health_check.0.matcher": "200",
                            "health_check.0.path": "/",
                            "health_check.0.port": "traffic-port",
                            "health_check.0.protocol": "HTTP",
                            "health_check.0.timeout": "5",
                            "health_check.0.unhealthy_threshold": "2",
                            "id": "arn:aws:elasticloadbalancing:us-east-1:246505132374:targetgroup/web-alb-target-group/4cc4f14ac1b890a7",
                            "name": "web-alb-target-group",
                            "port": "80",
                            "protocol": "HTTP",
                            "proxy_protocol_v2": "false",
                            "slow_start": "0",
                            "stickiness.#": "1",
                            "stickiness.0.cookie_duration": "86400",
                            "stickiness.0.enabled": "false",
                            "stickiness.0.type": "lb_cookie",
                            "tags.%": "0",
                            "target_type": "instance",
                            "vpc_id": "vpc-08ed749dff30efdb7"
                        },
                        "meta": {},
                        "tainted": false
                    },
                    "deposed": [],
                    "provider": "provider.aws"
                },
                "aws_security_group.alb_sg": {
                    "type": "aws_security_group",
                    "depends_on": [],
                    "primary": {
                        "id": "sg-07a9d51617db7293d",
                        "attributes": {
                            "arn": "arn:aws:ec2:us-east-1:246505132374:security-group/sg-07a9d51617db7293d",
                            "description": "Allow all inbound traffic",
                            "egress.#": "1",
                            "egress.482069346.cidr_blocks.#": "1",
                            "egress.482069346.cidr_blocks.0": "0.0.0.0/0",
                            "egress.482069346.description": "",
                            "egress.482069346.from_port": "0",
                            "egress.482069346.ipv6_cidr_blocks.#": "0",
                            "egress.482069346.prefix_list_ids.#": "0",
                            "egress.482069346.protocol": "-1",
                            "egress.482069346.security_groups.#": "0",
                            "egress.482069346.self": "false",
                            "egress.482069346.to_port": "0",
                            "id": "sg-07a9d51617db7293d",
                            "ingress.#": "1",
                            "ingress.2214680975.cidr_blocks.#": "1",
                            "ingress.2214680975.cidr_blocks.0": "0.0.0.0/0",
                            "ingress.2214680975.description": "",
                            "ingress.2214680975.from_port": "80",
                            "ingress.2214680975.ipv6_cidr_blocks.#": "0",
                            "ingress.2214680975.prefix_list_ids.#": "0",
                            "ingress.2214680975.protocol": "tcp",
                            "ingress.2214680975.security_groups.#": "0",
                            "ingress.2214680975.self": "false",
                            "ingress.2214680975.to_port": "80",
                            "name": "allow_all",
                            "owner_id": "246505132374",
                            "revoke_rules_on_delete": "false",
                            "tags.%": "0",
                            "vpc_id": "vpc-08ed749dff30efdb7"
                        },
                        "meta": {
                            "e2bfb730-ecaa-11e6-8f88-34363bc7c4c0": {
                                "create": 600000000000,
                                "delete": 600000000000
                            },
                            "schema_version": "1"
                        },
                        "tainted": false
                    },
                    "deposed": [],
                    "provider": "provider.aws"
                }
            },
            "depends_on": []
        },
        {
            "path": [
                "root",
                "my_ec2"
            ],
            "outputs": {
                "ec2_sec": {
                    "sensitive": false,
                    "type": "list",
                    "value": [
                        "sg-043c6bb08f860bf65"
                    ]
                }
            },
            "resources": {
                "aws_instance.web.0": {
                    "type": "aws_instance",
                    "depends_on": [],
                    "primary": {
                        "id": "i-0a5eb41290891ceef",
                        "attributes": {
                            "ami": "ami-0ac019f4fcb7cb7e6",
                            "arn": "arn:aws:ec2:us-east-1:246505132374:instance/i-0a5eb41290891ceef",
                            "associate_public_ip_address": "true",
                            "availability_zone": "us-east-1a",
                            "cpu_core_count": "1",
                            "cpu_threads_per_core": "1",
                            "credit_specification.#": "1",
                            "credit_specification.0.cpu_credits": "standard",
                            "disable_api_termination": "false",
                            "ebs_block_device.#": "0",
                            "ebs_optimized": "false",
                            "ephemeral_block_device.#": "0",
                            "get_password_data": "false",
                            "iam_instance_profile": "",
                            "id": "i-0a5eb41290891ceef",
                            "instance_state": "running",
                            "instance_type": "t2.micro",
                            "ipv6_addresses.#": "0",
                            "key_name": "",
                            "monitoring": "false",
                            "network_interface.#": "0",
                            "network_interface_id": "eni-03b387b414f2c29c6",
                            "password_data": "",
                            "placement_group": "",
                            "primary_network_interface_id": "eni-03b387b414f2c29c6",
                            "private_dns": "ip-10-0-1-211.ec2.internal",
                            "private_ip": "10.0.1.211",
                            "public_dns": "ec2-54-84-196-206.compute-1.amazonaws.com",
                            "public_ip": "54.84.196.206",
                            "root_block_device.#": "1",
                            "root_block_device.0.delete_on_termination": "true",
                            "root_block_device.0.iops": "100",
                            "root_block_device.0.volume_id": "vol-0576ca8f69a82ff58",
                            "root_block_device.0.volume_size": "8",
                            "root_block_device.0.volume_type": "gp2",
                            "security_groups.#": "0",
                            "source_dest_check": "true",
                            "subnet_id": "subnet-0ef8c394116bfbe68",
                            "tags.%": "1",
                            "tags.Name": "HelloWorld",
                            "tenancy": "default",
                            "volume_tags.%": "0",
                            "vpc_security_group_ids.#": "1",
                            "vpc_security_group_ids.3151750263": "sg-043c6bb08f860bf65"
                        },
                        "meta": {
                            "e2bfb730-ecaa-11e6-8f88-34363bc7c4c0": {
                                "create": 600000000000,
                                "delete": 1200000000000,
                                "update": 600000000000
                            },
                            "schema_version": "1"
                        },
                        "tainted": false
                    },
                    "deposed": [],
                    "provider": "provider.aws"
                },
                "aws_security_group.instance": {
                    "type": "aws_security_group",
                    "depends_on": [],
                    "primary": {
                        "id": "sg-043c6bb08f860bf65",
                        "attributes": {
                            "arn": "arn:aws:ec2:us-east-1:246505132374:security-group/sg-043c6bb08f860bf65",
                            "description": "Managed by Terraform",
                            "egress.#": "0",
                            "id": "sg-043c6bb08f860bf65",
                            "ingress.#": "1",
                            "ingress.482069346.cidr_blocks.#": "1",
                            "ingress.482069346.cidr_blocks.0": "0.0.0.0/0",
                            "ingress.482069346.description": "",
                            "ingress.482069346.from_port": "0",
                            "ingress.482069346.ipv6_cidr_blocks.#": "0",
                            "ingress.482069346.prefix_list_ids.#": "0",
                            "ingress.482069346.protocol": "-1",
                            "ingress.482069346.security_groups.#": "0",
                            "ingress.482069346.self": "false",
                            "ingress.482069346.to_port": "0",
                            "name": "instance-sg",
                            "owner_id": "246505132374",
                            "revoke_rules_on_delete": "false",
                            "tags.%": "0",
                            "vpc_id": "vpc-08ed749dff30efdb7"
                        },
                        "meta": {
                            "e2bfb730-ecaa-11e6-8f88-34363bc7c4c0": {
                                "create": 600000000000,
                                "delete": 600000000000
                            },
                            "schema_version": "1"
                        },
                        "tainted": false
                    },
                    "deposed": [],
                    "provider": "provider.aws"
                }
            },
            "depends_on": []
        },
        {
            "path": [
                "root",
                "my_vpc"
            ],
            "outputs": {
                "igw": {
                    "sensitive": false,
                    "type": "string",
                    "value": "igw-0b26402d581364db5"
                },
                "pub_subnet_id": {
                    "sensitive": false,
                    "type": "list",
                    "value": [
                        "subnet-0ef8c394116bfbe68",
                        "subnet-06698cea68902f4cd",
                        "subnet-06d96392b54dee219"
                    ]
                },
                "pvt_subnet_id": {
                    "sensitive": false,
                    "type": "list",
                    "value": [
                        "subnet-087eaf977ca163e3b",
                        "subnet-02d546336264f6fad",
                        "subnet-0a01f418cd739bf20"
                    ]
                },
                "vpc_id": {
                    "sensitive": false,
                    "type": "string",
                    "value": "vpc-08ed749dff30efdb7"
                }
            },
            "resources": {
                "aws_internet_gateway.main-gw": {
                    "type": "aws_internet_gateway",
                    "depends_on": [
                        "aws_vpc.main"
                    ],
                    "primary": {
                        "id": "igw-0b26402d581364db5",
                        "attributes": {
                            "id": "igw-0b26402d581364db5",
                            "tags.%": "1",
                            "tags.Name": "main-gateway",
                            "vpc_id": "vpc-08ed749dff30efdb7"
                        },
                        "meta": {},
                        "tainted": false
                    },
                    "deposed": [],
                    "provider": "provider.aws"
                },
                "aws_route_table.main-public": {
                    "type": "aws_route_table",
                    "depends_on": [
                        "aws_internet_gateway.main-gw",
                        "aws_vpc.main"
                    ],
                    "primary": {
                        "id": "rtb-0a26d01a81c090f08",
                        "attributes": {
                            "id": "rtb-0a26d01a81c090f08",
                            "propagating_vgws.#": "0",
                            "route.#": "1",
                            "route.1440334422.cidr_block": "0.0.0.0/0",
                            "route.1440334422.egress_only_gateway_id": "",
                            "route.1440334422.gateway_id": "igw-0b26402d581364db5",
                            "route.1440334422.instance_id": "",
                            "route.1440334422.ipv6_cidr_block": "",
                            "route.1440334422.nat_gateway_id": "",
                            "route.1440334422.network_interface_id": "",
                            "route.1440334422.vpc_peering_connection_id": "",
                            "tags.%": "1",
                            "tags.Name": "main-pub-route",
                            "vpc_id": "vpc-08ed749dff30efdb7"
                        },
                        "meta": {},
                        "tainted": false
                    },
                    "deposed": [],
                    "provider": "provider.aws"
                },
                "aws_route_table_association.pub-sub.0": {
                    "type": "aws_route_table_association",
                    "depends_on": [
                        "aws_route_table.main-public",
                        "aws_subnet.pub-subnet.*"
                    ],
                    "primary": {
                        "id": "rtbassoc-0e623f79a9f753ea9",
                        "attributes": {
                            "id": "rtbassoc-0e623f79a9f753ea9",
                            "route_table_id": "rtb-0a26d01a81c090f08",
                            "subnet_id": "subnet-0ef8c394116bfbe68"
                        },
                        "meta": {},
                        "tainted": false
                    },
                    "deposed": [],
                    "provider": "provider.aws"
                },
                "aws_route_table_association.pub-sub.1": {
                    "type": "aws_route_table_association",
                    "depends_on": [
                        "aws_route_table.main-public",
                        "aws_subnet.pub-subnet.*"
                    ],
                    "primary": {
                        "id": "rtbassoc-044258a1e54f16cf9",
                        "attributes": {
                            "id": "rtbassoc-044258a1e54f16cf9",
                            "route_table_id": "rtb-0a26d01a81c090f08",
                            "subnet_id": "subnet-06698cea68902f4cd"
                        },
                        "meta": {},
                        "tainted": false
                    },
                    "deposed": [],
                    "provider": "provider.aws"
                },
                "aws_route_table_association.pub-sub.2": {
                    "type": "aws_route_table_association",
                    "depends_on": [
                        "aws_route_table.main-public",
                        "aws_subnet.pub-subnet.*"
                    ],
                    "primary": {
                        "id": "rtbassoc-0f14db116310010bd",
                        "attributes": {
                            "id": "rtbassoc-0f14db116310010bd",
                            "route_table_id": "rtb-0a26d01a81c090f08",
                            "subnet_id": "subnet-06d96392b54dee219"
                        },
                        "meta": {},
                        "tainted": false
                    },
                    "deposed": [],
                    "provider": "provider.aws"
                },
                "aws_subnet.pub-subnet.0": {
                    "type": "aws_subnet",
                    "depends_on": [
                        "aws_vpc.main"
                    ],
                    "primary": {
                        "id": "subnet-0ef8c394116bfbe68",
                        "attributes": {
                            "arn": "arn:aws:ec2:us-east-1:246505132374:subnet/subnet-0ef8c394116bfbe68",
                            "assign_ipv6_address_on_creation": "false",
                            "availability_zone": "us-east-1a",
                            "cidr_block": "10.0.1.0/24",
                            "id": "subnet-0ef8c394116bfbe68",
                            "map_public_ip_on_launch": "true",
                            "tags.%": "1",
                            "tags.Name": "pub-subnet-1",
                            "vpc_id": "vpc-08ed749dff30efdb7"
                        },
                        "meta": {
                            "e2bfb730-ecaa-11e6-8f88-34363bc7c4c0": {
                                "create": 600000000000,
                                "delete": 600000000000
                            },
                            "schema_version": "1"
                        },
                        "tainted": false
                    },
                    "deposed": [],
                    "provider": "provider.aws"
                },
                "aws_subnet.pub-subnet.1": {
                    "type": "aws_subnet",
                    "depends_on": [
                        "aws_vpc.main"
                    ],
                    "primary": {
                        "id": "subnet-06698cea68902f4cd",
                        "attributes": {
                            "arn": "arn:aws:ec2:us-east-1:246505132374:subnet/subnet-06698cea68902f4cd",
                            "assign_ipv6_address_on_creation": "false",
                            "availability_zone": "us-east-1b",
                            "cidr_block": "10.0.2.0/24",
                            "id": "subnet-06698cea68902f4cd",
                            "map_public_ip_on_launch": "true",
                            "tags.%": "1",
                            "tags.Name": "pub-subnet-2",
                            "vpc_id": "vpc-08ed749dff30efdb7"
                        },
                        "meta": {
                            "e2bfb730-ecaa-11e6-8f88-34363bc7c4c0": {
                                "create": 600000000000,
                                "delete": 600000000000
                            },
                            "schema_version": "1"
                        },
                        "tainted": false
                    },
                    "deposed": [],
                    "provider": "provider.aws"
                },
                "aws_subnet.pub-subnet.2": {
                    "type": "aws_subnet",
                    "depends_on": [
                        "aws_vpc.main"
                    ],
                    "primary": {
                        "id": "subnet-06d96392b54dee219",
                        "attributes": {
                            "arn": "arn:aws:ec2:us-east-1:246505132374:subnet/subnet-06d96392b54dee219",
                            "assign_ipv6_address_on_creation": "false",
                            "availability_zone": "us-east-1c",
                            "cidr_block": "10.0.3.0/24",
                            "id": "subnet-06d96392b54dee219",
                            "map_public_ip_on_launch": "true",
                            "tags.%": "1",
                            "tags.Name": "pub-subnet-3",
                            "vpc_id": "vpc-08ed749dff30efdb7"
                        },
                        "meta": {
                            "e2bfb730-ecaa-11e6-8f88-34363bc7c4c0": {
                                "create": 600000000000,
                                "delete": 600000000000
                            },
                            "schema_version": "1"
                        },
                        "tainted": false
                    },
                    "deposed": [],
                    "provider": "provider.aws"
                },
                "aws_subnet.pvt-subnet.0": {
                    "type": "aws_subnet",
                    "depends_on": [
                        "aws_vpc.main"
                    ],
                    "primary": {
                        "id": "subnet-087eaf977ca163e3b",
                        "attributes": {
                            "arn": "arn:aws:ec2:us-east-1:246505132374:subnet/subnet-087eaf977ca163e3b",
                            "assign_ipv6_address_on_creation": "false",
                            "availability_zone": "us-east-1d",
                            "cidr_block": "10.0.4.0/24",
                            "id": "subnet-087eaf977ca163e3b",
                            "map_public_ip_on_launch": "false",
                            "tags.%": "1",
                            "tags.Name": "pvt-subnet-1",
                            "vpc_id": "vpc-08ed749dff30efdb7"
                        },
                        "meta": {
                            "e2bfb730-ecaa-11e6-8f88-34363bc7c4c0": {
                                "create": 600000000000,
                                "delete": 600000000000
                            },
                            "schema_version": "1"
                        },
                        "tainted": false
                    },
                    "deposed": [],
                    "provider": "provider.aws"
                },
                "aws_subnet.pvt-subnet.1": {
                    "type": "aws_subnet",
                    "depends_on": [
                        "aws_vpc.main"
                    ],
                    "primary": {
                        "id": "subnet-02d546336264f6fad",
                        "attributes": {
                            "arn": "arn:aws:ec2:us-east-1:246505132374:subnet/subnet-02d546336264f6fad",
                            "assign_ipv6_address_on_creation": "false",
                            "availability_zone": "us-east-1e",
                            "cidr_block": "10.0.5.0/24",
                            "id": "subnet-02d546336264f6fad",
                            "map_public_ip_on_launch": "false",
                            "tags.%": "1",
                            "tags.Name": "pvt-subnet-2",
                            "vpc_id": "vpc-08ed749dff30efdb7"
                        },
                        "meta": {
                            "e2bfb730-ecaa-11e6-8f88-34363bc7c4c0": {
                                "create": 600000000000,
                                "delete": 600000000000
                            },
                            "schema_version": "1"
                        },
                        "tainted": false
                    },
                    "deposed": [],
                    "provider": "provider.aws"
                },
                "aws_subnet.pvt-subnet.2": {
                    "type": "aws_subnet",
                    "depends_on": [
                        "aws_vpc.main"
                    ],
                    "primary": {
                        "id": "subnet-0a01f418cd739bf20",
                        "attributes": {
                            "arn": "arn:aws:ec2:us-east-1:246505132374:subnet/subnet-0a01f418cd739bf20",
                            "assign_ipv6_address_on_creation": "false",
                            "availability_zone": "us-east-1f",
                            "cidr_block": "10.0.6.0/24",
                            "id": "subnet-0a01f418cd739bf20",
                            "map_public_ip_on_launch": "false",
                            "tags.%": "1",
                            "tags.Name": "pvt-subnet-3",
                            "vpc_id": "vpc-08ed749dff30efdb7"
                        },
                        "meta": {
                            "e2bfb730-ecaa-11e6-8f88-34363bc7c4c0": {
                                "create": 600000000000,
                                "delete": 600000000000
                            },
                            "schema_version": "1"
                        },
                        "tainted": false
                    },
                    "deposed": [],
                    "provider": "provider.aws"
                },
                "aws_vpc.main": {
                    "type": "aws_vpc",
                    "depends_on": [],
                    "primary": {
                        "id": "vpc-08ed749dff30efdb7",
                        "attributes": {
                            "arn": "arn:aws:ec2:us-east-1:246505132374:vpc/vpc-08ed749dff30efdb7",
                            "assign_generated_ipv6_cidr_block": "false",
                            "cidr_block": "10.0.0.0/16",
                            "default_network_acl_id": "acl-091b04ab420562c80",
                            "default_route_table_id": "rtb-0ac638355dd3fd1bf",
                            "default_security_group_id": "sg-0594023c887974fa4",
                            "dhcp_options_id": "dopt-a7c22cdc",
                            "enable_classiclink": "true",
                            "enable_classiclink_dns_support": "false",
                            "enable_dns_hostnames": "true",
                            "enable_dns_support": "true",
                            "id": "vpc-08ed749dff30efdb7",
                            "instance_tenancy": "default",
                            "main_route_table_id": "rtb-0ac638355dd3fd1bf",
                            "tags.%": "1",
                            "tags.Name": "main"
                        },
                        "meta": {
                            "schema_version": "1"
                        },
                        "tainted": false
                    },
                    "deposed": [],
                    "provider": "provider.aws"
                }
            },
            "depends_on": []
        }
    ]
}
